github.com/gemark/bingwallpapers/tools v0.0.0-20190512105506-a3d83d6ee776 h1:/ZJ1daffMp0iZo7bw+sB0AzEWPIRyiHLWJgjrmW+k/8=
github.com/gemark/bingwallpapers/tools v0.0.0-20190512105506-a3d83d6ee776/go.mod h1:mgGGYpRVJsDMjbYqdD7tkw89JZ4+PgzFfJqY8gWmdjs=
golang.org/x/sys v0.0.0-20190516014833-cab07311ab81 h1:5Q88vZAfC0WB8T1GHRLttQaZdCNeQHM40n41gMUeFlI=
golang.org/x/sys v0.0.0-20190516014833-cab07311ab81/go.mod h1:h1NjWce9XRLGQEsW7wpKNCjG9DtNlClVuFLEZdDNbEs=
golang.org/x/text v0.3.2 h1:tW2bmiBqwgJj/UpqtC8EpXEZVYOwU0yG4iWbprSVAcs=
golang.org/x/text v0.3.2/go.mod h1:bEr9sfX3Q8Zfm5fL9x+3itogRgK3+ptLWKqgva+5dAk=
golang.org/x/tools v0.0.0-20180917221912-90fa682c2a6e/go.mod h1:n7NCudcB/nEzxVGmLbDWY5pfWTLqBcC2KZ6jyYvM4mQ=
